
Microsoft Visual Studio Solution File, Format Version 12.00
# Visual Studio 15
VisualStudioVersion = 15.0.28010.2003
MinimumVisualStudioVersion = 10.0.40219.1
Project("{FAE04EC0-301F-11D3-BF4B-00C04F79EFBC}") = "PrefixionSystem", "PrefixionSystem\PrefixionSystem.csproj", "{053FED42-5D2E-4D4E-B2A2-B2098998BB1B}"
EndProject
Global
	GlobalSection(SolutionConfigurationPlatforms) = preSolution
		Debug|Any CPU = Debug|Any CPU
		Release|Any CPU = Release|Any CPU
	EndGlobalSection
	GlobalSection(ProjectConfigurationPlatforms) = postSolution
		{053FED42-5D2E-4D4E-B2A2-B2098998BB1B}.Debug|Any CPU.ActiveCfg = Debug|Any CPU
		{053FED42-5D2E-4D4E-B2A2-B2098998BB1B}.Debug|Any CPU.Build.0 = Debug|Any CPU
		{053FED42-5D2E-4D4E-B2A2-B2098998BB1B}.Release|Any CPU.ActiveCfg = Release|Any CPU
		{053FED42-5D2E-4D4E-B2A2-B2098998BB1B}.Release|Any CPU.Build.0 = Release|Any CPU
	EndGlobalSection
	GlobalSection(SolutionProperties) = preSolution
		HideSolutionNode = FALSE
	EndGlobalSection
	GlobalSection(ExtensibilityGlobals) = postSolution
		SolutionGuid = {604C51A1-63C1-48CF-BCF8-D8A9F2BC0856}
	EndGlobalSection
EndGlobal
